
Microsoft Visual Studio Solution File, Format Version 12.00
# Visual Studio Version 17
VisualStudioVersion = 17.0.32014.148
MinimumVisualStudioVersion = 10.0.40219.1
Project("{8BC9CEB8-8B4A-11D0-8D11-00A0C91BC942}") = "IV", "IV\IV.vcxproj", "{E77E1C47-ECB1-45D0-BE8E-C932057C0368}"
EndProject
Global
	GlobalSection(SolutionConfigurationPlatforms) = preSolution
		Debug|x64 = Debug|x64
		Debug|x86 = Debug|x86
		Release|x64 = Release|x64
		Release|x86 = Release|x86
	EndGlobalSection
	GlobalSection(ProjectConfigurationPlatforms) = postSolution
		{E77E1C47-ECB1-45D0-BE8E-C932057C0368}.Debug|x64.ActiveCfg = Debug|x64
		{E77E1C47-ECB1-45D0-BE8E-C932057C0368}.Debug|x64.Build.0 = Debug|x64
		{E77E1C47-ECB1-45D0-BE8E-C932057C0368}.Debug|x86.ActiveCfg = Debug|Win32
		{E77E1C47-ECB1-45D0-BE8E-C932057C0368}.Debug|x86.Build.0 = Debug|Win32
		{E77E1C47-ECB1-45D0-BE8E-C932057C0368}.Release|x64.ActiveCfg = Release|x64
		{E77E1C47-ECB1-45D0-BE8E-C932057C0368}.Release|x64.Build.0 = Release|x64
		{E77E1C47-ECB1-45D0-BE8E-C932057C0368}.Release|x86.ActiveCfg = Release|Win32
		{E77E1C47-ECB1-45D0-BE8E-C932057C0368}.Release|x86.Build.0 = Release|Win32
	EndGlobalSection
	GlobalSection(SolutionProperties) = preSolution
		HideSolutionNode = FALSE
	EndGlobalSection
	GlobalSection(ExtensibilityGlobals) = postSolution
		SolutionGuid = {FDA11A66-3ECB-4A53-8048-A82CEE09EF06}
	EndGlobalSection
EndGlobal
